
Microsoft Visual Studio Solution File, Format Version 12.00
# Visual Studio Version 17
VisualStudioVersion = 17.11.35222.181
MinimumVisualStudioVersion = 10.0.40219.1
Project("{FAE04EC0-301F-11D3-BF4B-00C04F79EFBC}") = "G09", "G09.csproj", "{B8FD70A5-3CBD-4321-B018-B1FD0D49246D}"
EndProject
Global
	GlobalSection(SolutionConfigurationPlatforms) = preSolution
		Debug|Any CPU = Debug|Any CPU
		Release|Any CPU = Release|Any CPU
	EndGlobalSection
	GlobalSection(ProjectConfigurationPlatforms) = postSolution
		{B8FD70A5-3CBD-4321-B018-B1FD0D49246D}.Debug|Any CPU.ActiveCfg = Debug|Any CPU
		{B8FD70A5-3CBD-4321-B018-B1FD0D49246D}.Debug|Any CPU.Build.0 = Debug|Any CPU
		{B8FD70A5-3CBD-4321-B018-B1FD0D49246D}.Release|Any CPU.ActiveCfg = Release|Any CPU
		{B8FD70A5-3CBD-4321-B018-B1FD0D49246D}.Release|Any CPU.Build.0 = Release|Any CPU
	EndGlobalSection
	GlobalSection(SolutionProperties) = preSolution
		HideSolutionNode = FALSE
	EndGlobalSection
	GlobalSection(ExtensibilityGlobals) = postSolution
		SolutionGuid = {2689C29A-BF5B-4248-9989-717B37569D6F}
	EndGlobalSection
EndGlobal
